{
  "meteor": {},
  "dependencies": {
    "basePackages": {
      "offline-common": {
        "git": "https://github.com/awwx/meteor-offline-common.git",
        "tag": "v0.0.5"
      }
    },
    "packages": {
      "offline-common": {
        "git": "https://github.com/awwx/meteor-offline-common.git",
        "tag": "v0.0.5",
        "commit": "a5507b7f3d7c5cd0fe54636eb7bf671f102fa34b"
      },
      "browser-msg": {
        "git": "https://github.com/awwx/meteor-browser-msg.git",
        "tag": "v0.0.2",
        "commit": "f9bdea97869bfc94c1de261da6a43f1294c8a0ef"
      },
      "canonical-stringify": {
        "git": "https://github.com/awwx/meteor-canonical-stringify.git",
        "tag": "v1.1",
        "commit": "2bb6dedf87f9784471a10fd2e8c332d971ff5291"
      }
    }
  }
}
